
Microsoft Visual Studio Solution File, Format Version 12.00
# Visual Studio Version 16
VisualStudioVersion = 16.0.32407.337
MinimumVisualStudioVersion = 10.0.40219.1
Project("{FAE04EC0-301F-11D3-BF4B-00C04F79EFBC}") = "TestAppWeb", "TestAppWeb\TestAppWeb.csproj", "{01A550F3-47DB-4297-8090-D48F5DAE8B1A}"
EndProject
Global
	GlobalSection(SolutionConfigurationPlatforms) = preSolution
		Debug|Any CPU = Debug|Any CPU
		Release|Any CPU = Release|Any CPU
	EndGlobalSection
	GlobalSection(ProjectConfigurationPlatforms) = postSolution
		{01A550F3-47DB-4297-8090-D48F5DAE8B1A}.Debug|Any CPU.ActiveCfg = Debug|Any CPU
		{01A550F3-47DB-4297-8090-D48F5DAE8B1A}.Debug|Any CPU.Build.0 = Debug|Any CPU
		{01A550F3-47DB-4297-8090-D48F5DAE8B1A}.Release|Any CPU.ActiveCfg = Release|Any CPU
		{01A550F3-47DB-4297-8090-D48F5DAE8B1A}.Release|Any CPU.Build.0 = Release|Any CPU
	EndGlobalSection
	GlobalSection(SolutionProperties) = preSolution
		HideSolutionNode = FALSE
	EndGlobalSection
	GlobalSection(ExtensibilityGlobals) = postSolution
		SolutionGuid = {EFEF3D42-4356-462D-B335-5A0770FE09C5}
	EndGlobalSection
EndGlobal
